
Microsoft Visual Studio Solution File, Format Version 11.00
# Visual Studio 2010
Project("{FAE04EC0-301F-11D3-BF4B-00C04F79EFBC}") = "UnitySurvivalShooterTutorial", "Assembly-CSharp.csproj", "{F5494E23-FCB2-1925-9C90-4A99EC3556B4}"
EndProject
Project("{FAE04EC0-301F-11D3-BF4B-00C04F79EFBC}") = "UnitySurvivalShooterTutorial", "Assembly-CSharp-Editor.csproj", "{634C0F44-90A6-0C64-9FA6-431DA2B5E57C}"
EndProject
Global
	GlobalSection(SolutionConfigurationPlatforms) = preSolution
		Debug|Any CPU = Debug|Any CPU
		Release|Any CPU = Release|Any CPU
	EndGlobalSection
	GlobalSection(ProjectConfigurationPlatforms) = postSolution
		{F5494E23-FCB2-1925-9C90-4A99EC3556B4}.Debug|Any CPU.ActiveCfg = Debug|Any CPU
		{F5494E23-FCB2-1925-9C90-4A99EC3556B4}.Debug|Any CPU.Build.0 = Debug|Any CPU
		{F5494E23-FCB2-1925-9C90-4A99EC3556B4}.Release|Any CPU.ActiveCfg = Release|Any CPU
		{F5494E23-FCB2-1925-9C90-4A99EC3556B4}.Release|Any CPU.Build.0 = Release|Any CPU
		{634C0F44-90A6-0C64-9FA6-431DA2B5E57C}.Debug|Any CPU.ActiveCfg = Debug|Any CPU
		{634C0F44-90A6-0C64-9FA6-431DA2B5E57C}.Debug|Any CPU.Build.0 = Debug|Any CPU
		{634C0F44-90A6-0C64-9FA6-431DA2B5E57C}.Release|Any CPU.ActiveCfg = Release|Any CPU
		{634C0F44-90A6-0C64-9FA6-431DA2B5E57C}.Release|Any CPU.Build.0 = Release|Any CPU
	EndGlobalSection
	GlobalSection(SolutionProperties) = preSolution
		HideSolutionNode = FALSE
	EndGlobalSection
	GlobalSection(MonoDevelopProperties) = preSolution
		StartupItem = Assembly-CSharp.csproj
	EndGlobalSection
EndGlobal
